{
  "base": "5849610",
  "modules": [],
  "files": {
    "assets/minecraft/shaders/core/lightmap.fsh": "ad66edcfd01c6759b17c8ea5a0b52e845e5e3a3f4512c435c13714cad5de63f5",
    "assets/minecraft/shaders/core/terrain.fsh": "10bb57052bca050f4d836b6ca2cf1e09c15c4629711d9061c176dd3daf71d054",
    "assets/minecraft/shaders/core/terrain.vsh": "8bc8506da9cdb0b363ad9a9519ec1913a39601f9c892eea9fd4f9d4481f57255",
    "assets/minecraft/shaders/core/text.vsh": "f280a691ea2363f89a65cf1c14007e32375bd5b275097925f6001a622952902b",
    "assets/minecraft/shaders/include/fluid.glsl": "1913a5d9e2a127182b18896ef5d49e3e8551de5b058d8e29e4467ce6563db8ef",
    "assets/minecraft/shaders/include/fog.glsl": "19f623322a13660eda82afb06179522d6c42b68ddfab3615fd20e189f52e7725",
    "assets/minecraft/shaders/include/mcme_clock.glsl": "8f20f5311a5244862d53c8fd383ce0d584e431f014c09189878b4270df457c41",
    "assets/minecraft/shaders/include/mcme_lite.glsl": "f6fc98d32ea588b818b386caae80f5042b3a0849e74b3722b0e2fed3ccd5d5b8",
    "assets/minecraft/shaders/include/mcme_modules.glsl": "a9cfcf7e9d7d788100559fb23d82dbf5a8c624b170554056cb786f5e449ddb86",
    "assets/minecraft/shaders/include/mcme_modules_main.glsl": "a3ddb40134e057b1d8481b3b455777fc8ad3122477740f87ee4aa9a676ec6438",
    "assets/minecraft/shaders/include/objmc_fragment.glsl": "eb9ee2d7a57ab224063c1835d34a3c12bb66eb6af3166da64e784aec8c9e814f",
    "assets/minecraft/shaders/include/objmc_light.glsl": "744b76b4db4744636ec54f912788956aa9387869bbf2453bb2fff9e2ad576105",
    "assets/minecraft/shaders/include/objmc_main.glsl": "43df8df68600fc9697a689b904990ce246955a18bb45c94139bbbc7bba510623",
    "assets/minecraft/shaders/include/objmc_tools.glsl": "99a43b4b6d8f4aecbef6fdde3928dc00932c82ad2c1c3349ddda48ac40f99dc0",
    "assets/minecraft/shaders/include/water.glsl": "a68ab75b1d24912b376a70aa5741121c0e5607e7a3e2790c7fc2a76c022c895f",
    "assets/minecraft/shaders/include/water_config.glsl": "d1a322192bed1526a864e001b2d33b833035db2fb09f0868cc8d5b9faf29db5d",
    "assets/minecraft/shaders/include/water_corner.glsl": "3553923ed6b4849fc8ed7c4036d9d4d140743f461442d73b44cf621a7ce4575e",
    "assets/sodium/shaders/blocks/block_layer_opaque.fsh": "cb4d26260604b25bc6d6dfd3cccff5a260039af9dd6b588e5528e10cbc437a73",
    "assets/sodium/shaders/blocks/block_layer_opaque.vsh": "885cd20fb276932c2af75dc71589a25042431cdff4d5cf5a8c075dedd5dcc0e6",
    "assets/sodium/shaders/include/chunk_material.glsl": "456e00dc7904a2e003fe4e1f06b2023bc3189cb7259fec77ba3e854fc4f7a452",
    "assets/sodium/shaders/include/chunk_vertex.glsl": "812e06bbd4069e7879ff1be91843d38a38850fca37947090fde74e1844a256a3",
    "assets/sodium/shaders/include/fog.glsl": "48bf6249e3e8131e67504f4147122041efa871be20725525744f7c717e8898b4",
    "assets/sodium/shaders/include/globals.glsl": "59ab558e82d31ea2a0a2b2d95b6a63e4cf960d676cc73c309b7c17e47d02d057"
  }
}
