Items:
  sandstone:
    itemMaterial: SANDSTONE
    cmd: 0
    display: Large Sandstone Bricks
    category: Block
    type: VANILLA
    collection:
      B2: end_portal_frame_empty_north
      A1: end_portal_frame_filled_north
      A0: sandstone
      F1: sandstone_stairs
      G2: dark_oak_fence_gate_closed
      I2: trapdoor_double_slab_sandstone_seamless_open_regular
      J1: vertical_slab_double_slab_sandstone_seamless_regular
      E0: double_slab_sandstone_seamless
      E1: repeater_delay3_s
      D2: trapdoor_double_slab_sandstone_seamless_bottom
      A4: brown_mushroom_block_sw
      B4: brown_mushroom_block_c
      C4: double_slab_sandstone
      D4: large_small_sandstone_bricks
      E4: sandstone_ornament_large_brick_corner
      F4: sandstone_slab
      G4: trapdoor_sandstone_normal_bottom
      H4: acacia_door_bottom
      I4: chiseled_red_sandstone
      J4: red_sandstone
      E3: yellow_glazed_terracotta_ne
      E2: brown_glazed_terracotta_ne
      J2: silver_glazed_terracotta_ne
      J3: white_glazed_terracotta_ne
  trapdoor_double_slab_sandstone_seamless_open_regular:
    itemMaterial: DIAMOND_CHESTPLATE
    cmd: 282
    display: Mossy Large Sandstone Brick Vertical Thin Slab
    type: FOUR_DIRECTIONS
    blockDataSouth: minecraft:birch_trapdoor[facing=north,half=top,open=true,powered=false,waterlogged=false]
    blockDataWest: minecraft:birch_trapdoor[facing=east,half=top,open=true,powered=false,waterlogged=false]
    blockDataNorth: minecraft:birch_trapdoor[facing=south,half=top,open=true,powered=false,waterlogged=false]
    blockDataEast: minecraft:birch_trapdoor[facing=west,half=top,open=true,powered=false,waterlogged=false]
    collection:
      indirect: sandstone
  trapdoor_double_slab_sandstone_seamless_bottom:
    itemMaterial: CLAY_BALL
    cmd: 249
    display: Mossy Large Sandstone Brick Thin Slab
    type: BISECTED
    blockDataDown: minecraft:birch_trapdoor[facing=south,half=bottom,open=false,powered=false,waterlogged=false]
    blockDataUp: minecraft:birch_trapdoor[facing=south,half=top,open=false,powered=false,waterlogged=false]
    collection:
      indirect: sandstone
  acacia_door_bottom:
    itemMaterial: CLAY_BALL
    cmd: 132
    display: Large Sandstone Brick Vertical Thin Slab
    type: FOUR_DIRECTIONS
    blockDataSouth: minecraft:acacia_door[facing=north,half=lower,hinge=left,open=false,powered=false]
    blockDataWest: minecraft:acacia_door[facing=east,half=lower,hinge=left,open=false,powered=false]
    blockDataNorth: minecraft:acacia_door[facing=south,half=lower,hinge=left,open=false,powered=false]
    blockDataEast: minecraft:acacia_door[facing=west,half=lower,hinge=left,open=false,powered=false]
    collection:
      indirect: sandstone
  trapdoor_sandstone_normal_bottom:
    itemMaterial: CLAY_BALL
    cmd: 247
    display: Large Sandstone Brick Thin Slab
    type: BISECTED
    blockDataDown: minecraft:birch_trapdoor[facing=north,half=bottom,open=false,powered=true,waterlogged=false]
    blockDataUp: minecraft:birch_trapdoor[facing=north,half=top,open=false,powered=true,waterlogged=false]
    collection:
      indirect: sandstone
  sandstone_stairs:
    itemMaterial: SANDSTONE_STAIRS
    cmd: 0
    display: Large Sandstone Brick Stairs
    type: VANILLA
    collection:
      indirect: sandstone
  sandstone_slab:
    itemMaterial: SANDSTONE_SLAB
    cmd: 1
    display: Large Sandstone Brick Slab
    type: VANILLA
    collection:
      indirect: sandstone
  end_portal_frame_empty_north:
    itemMaterial: CLAY_BALL
    cmd: 57
    display: Large Sandstone Brick 3/4 Block
    category: Block
    type: BLOCK
    blockData: minecraft:end_portal_frame[eye=false,facing=north]
    collection:
      indirect: sandstone
  end_portal_frame_filled_north:
    itemMaterial: CLAY_BALL
    cmd: 58
    display: Large Sandstone Brick 3/4 Block (Stub)
    type: BLOCK
    blockData: minecraft:end_portal_frame[eye=true,facing=north]
    collection:
      indirect: sandstone
  dark_oak_fence_gate_closed:
    itemMaterial: CLAY_BALL
    cmd: 235
    display: Large Sandstone Brick Vertical Slab
    type: FOUR_DIRECTIONS
    blockDataSouth: minecraft:dark_oak_fence_gate[facing=south,in_wall=false,open=false,powered=false]
    blockDataWest: minecraft:dark_oak_fence_gate[facing=west,in_wall=false,open=false,powered=false]
    blockDataNorth: minecraft:dark_oak_fence_gate[facing=north,in_wall=false,open=false,powered=false]
    blockDataEast: minecraft:dark_oak_fence_gate[facing=east,in_wall=false,open=false,powered=false]
    collection:
      indirect: sandstone
  repeater_delay3_s:
    itemMaterial: CLAY_BALL
    cmd: 190
    display: Mossy Large Sandstone Brick Slab
    type: BISECTED
    blockDataDown: minecraft:repeater[delay=3,facing=south,locked=false,powered=false]
    blockDataUp: minecraft:smooth_sandstone_slab[type=top,waterlogged=false]
    collection:
      indirect: sandstone
  vertical_slab_double_slab_sandstone_seamless_regular:
    contentItem: DIAMOND_CHESTPLATE
    itemMaterial: DIAMOND_CHESTPLATE
    cmd: 58
    display: Mossy Large Sandstone Brick Vertical Slab
    type: FOUR_DIRECTIONS
    blockDataSouth: minecraft:dark_oak_fence_gate[facing=south,in_wall=false,open=true,powered=false]
    blockDataWest: minecraft:dark_oak_fence_gate[facing=west,in_wall=false,open=true,powered=false]
    blockDataNorth: minecraft:dark_oak_fence_gate[facing=north,in_wall=false,open=true,powered=false]
    blockDataEast: minecraft:dark_oak_fence_gate[facing=east,in_wall=false,open=true,powered=false]
    collection:
      indirect: sandstone
  double_slab_sandstone_seamless:
    itemMaterial: CLAY_BALL
    cmd: 60
    display: Mossy Large Sandstone Bricks
    category: Block
    type: BLOCK
    blockData: minecraft:smooth_sandstone
    collection:
      indirect: sandstone
  red_sandstone:
    itemMaterial: RED_SANDSTONE
    cmd: 0
    display: Small Sandstone Bricks
    category: Block
    type: VANILLA
    collection:
      A4: brown_mushroom_block_se
      A1: red_sandstone_stairs
      A0: red_sandstone 
      F4: double_slab_sandstone
      B4: smooth_red_sandstone
      B2: piston_sticky_extended
      G3: sandstone
      G4: large_small_sandstone_bricks
      C4: brown_mushroom_block_sw
      C2: dark_oak_fence_gate_powered_closed
      H4: red_sandstone_slab
      D4: sandstone
      D2: trapdoor_double_slab_red_sandstone_seamless_open_regular
      I2: trapdoor_double_slab_red_sandstone_seamless_bottom
      I4: trapdoor_red_sandstone_normal_bottom
      F1: double_slab_red_sandstone
      E3: pink_glazed_terracotta
      E2: red_glazed_terracotta
      E1: vertical_slab_double_slab_red_sandstone_seamless_regular
      E0: double_slab_red_sandstone_seamless
      J1: repeater_delay3_w
      J2: purple_glazed_terracotta
      J3: magenta_glazed_terracotta
      J4: jungle_door_bottom
  trapdoor_double_slab_red_sandstone_seamless_open_regular:
    itemMaterial: DIAMOND_CHESTPLATE
    cmd: 285
    display: Mossy Small Sandstone Bricks Vertical Thin Slab
    type: FOUR_DIRECTIONS
    blockDataSouth: minecraft:birch_trapdoor[facing=north,half=bottom,open=true,powered=true,waterlogged=false]
    blockDataWest: minecraft:birch_trapdoor[facing=east,half=bottom,open=true,powered=true,waterlogged=false]
    blockDataNorth: minecraft:birch_trapdoor[facing=south,half=bottom,open=true,powered=true,waterlogged=false]
    blockDataEast: minecraft:birch_trapdoor[facing=west,half=bottom,open=true,powered=true,waterlogged=false]
    collection:
      indirect: red_sandstone
  trapdoor_double_slab_red_sandstone_seamless_bottom:
    itemMaterial: CLAY_BALL
    cmd: 250
    display: Mossy Small Sandstone Brick Thin Slab
    type: BISECTED
    blockDataDown: minecraft:birch_trapdoor[facing=west,half=bottom,open=false,powered=false,waterlogged=false]
    blockDataUp: minecraft:birch_trapdoor[facing=west,half=top,open=false,powered=false,waterlogged=false]
    collection:
      indirect: red_sandstone
  red_sandstone_stairs:
    itemMaterial: RED_SANDSTONE_STAIRS
    cmd: 0
    display: Small Sandstone Brick Slab
    type: VANILLA
    collection:
      indirect: red_sandstone
  piston_sticky_extended:
    itemMaterial: CLAY_BALL
    cmd: 59
    display: Large Sandstone Brick Vertical 3/4 Block
    type: FOUR_DIRECTIONS
    blockDataSouth: minecraft:sticky_piston[extended=true,facing=north]
    blockDataWest: minecraft:sticky_piston[extended=true,facing=east]
    blockDataNorth: minecraft:sticky_piston[extended=true,facing=south]
    blockDataEast: minecraft:sticky_piston[extended=true,facing=west]
    collection:
      indirect: red_sandstone
  dark_oak_fence_gate_powered_closed:
    itemMaterial: CLAY_BALL
    cmd: 237
    display: Small Sandstone Brick Vertical Slab
    type: FOUR_DIRECTIONS
    blockDataSouth: minecraft:dark_oak_fence_gate[facing=south,in_wall=false,open=false,powered=true]
    blockDataWest: minecraft:dark_oak_fence_gate[facing=west,in_wall=false,open=false,powered=true]
    blockDataNorth: minecraft:dark_oak_fence_gate[facing=north,in_wall=false,open=false,powered=true]
    blockDataEast: minecraft:dark_oak_fence_gate[facing=east,in_wall=false,open=false,powered=true]
    collection:
      indirect: red_sandstone
  vertical_slab_double_slab_red_sandstone_seamless_regular:
    contentItem: DIAMOND_CHESTPLATE
    itemMaterial: DIAMOND_CHESTPLATE
    cmd: 61
    display: Mossy Small Sandstone Brick Vertical Slab
    type: FOUR_DIRECTIONS
    blockDataSouth: minecraft:dark_oak_fence_gate[facing=south,in_wall=false,open=true,powered=true]
    blockDataWest: minecraft:dark_oak_fence_gate[facing=west,in_wall=false,open=true,powered=true]
    blockDataNorth: minecraft:dark_oak_fence_gate[facing=north,in_wall=false,open=true,powered=true]
    blockDataEast: minecraft:dark_oak_fence_gate[facing=east,in_wall=false,open=true,powered=true]
    collection:
      indirect: red_sandstone
  double_slab_red_sandstone_seamless:
    itemMaterial: CLAY_BALL
    cmd: 61
    display: Mossy Small Sandstone Bricks
    category: Block
    type: BLOCK
    blockData: minecraft:smooth_red_sandstone
    collection:
      indirect: red_sandstone
  repeater_delay3_w:
    itemMaterial: CLAY_BALL
    cmd: 191
    display: Mossy Small Sandstone Brick Slab
    type: BISECTED
    blockDataDown: minecraft:repeater[delay=3,facing=west,locked=false,powered=false]
    blockDataUp: minecraft:smooth_red_sandstone_slab[type=top,waterlogged=false]
    collection:
      indirect: red_sandstone
  red_sandstone_slab:
    itemMaterial: RED_SANDSTONE_SLAB
    cmd: 0
    display: Small Sandstone Brick Slab
    type: VANILLA
    collection:
      indirect: red_sandstone
  trapdoor_red_sandstone_normal_bottom:
    itemMaterial: CLAY_BALL
    cmd: 248
    display: Small Sandstone Brick Thin Slab
    type: BISECTED
    blockDataDown: minecraft:birch_trapdoor[facing=east,half=bottom,open=false,powered=true,waterlogged=false]
    blockDataUp: minecraft:birch_trapdoor[facing=east,half=top,open=false,powered=true,waterlogged=false]
    collection:
      indirect: red_sandstone
  jungle_door_bottom:
    itemMaterial: CLAY_BALL
    cmd: 131
    display: Small Sandstone Brick Vertical Thin Slab
    type: FOUR_DIRECTIONS
    blockDataSouth: minecraft:jungle_door[facing=north,half=lower,hinge=left,open=false,powered=false]
    blockDataWest: minecraft:jungle_door[facing=east,half=lower,hinge=left,open=false,powered=false]
    blockDataNorth: minecraft:jungle_door[facing=south,half=lower,hinge=left,open=false,powered=false]
    blockDataEast: minecraft:jungle_door[facing=west,half=lower,hinge=left,open=false,powered=false]
    collection:
      indirect: red_sandstone
  double_slab_sandstone:
    itemMaterial: CLAY_BALL
    cmd: 62
    display: Ornamental Sandstone Bricks
    category: Block
    type: BLOCK
    blockData: minecraft:sandstone_slab[type=double,waterlogged=false]
    collection:
      H2: brown_mushroom_block_c
      G2: sandstone_ornament_large_brick_corner
      F1: brown_mushroom_block_sw
      A0: double_slab_sandstone
      A1: brown_mushroom_block_se
      B2: smooth_red_sandstone
      C2: large_sandsonte_red_brick
      D2: trapdoor_sandstone_smooth_open_regular
      E1: vertical_slab_sandstone_smooth_regular
      E0: smooth_sandstone
      J1: repeater_delay3_n
      I2: trapdoor_sandstone_smooth_bottom
      A4: chiseled_sandstone
      B4: trapdoor_sandstone_chiseled_open_regular
      C4: trapdoor_sandstone_chiseled_bottom_regular
      F4: sandstone
      G4: red_sandstone
  vertical_slab_sandstone_smooth_regular:
    contentItem: DIAMOND_CHESTPLATE
    itemMaterial: DIAMOND_CHESTPLATE
    cmd: 64
    display: Smooth Sandstone Vertical Slab
    type: FOUR_DIRECTIONS
    blockDataSouth: minecraft:dark_oak_fence_gate[facing=south,in_wall=true,open=true,powered=true]
    blockDataWest: minecraft:dark_oak_fence_gate[facing=west,in_wall=true,open=true,powered=true]
    blockDataNorth: minecraft:dark_oak_fence_gate[facing=north,in_wall=true,open=true,powered=true]
    blockDataEast: minecraft:dark_oak_fence_gate[facing=east,in_wall=true,open=true,powered=true]
    collection:
      indirect: double_slab_sandstone
  repeater_delay3_n:
    itemMaterial: CLAY_BALL
    cmd: 192
    display: Smooth Sandstone Slab
    type: BISECTED
    blockDataDown: minecraft:repeater[delay=3,facing=north,locked=false,powered=false]
    blockDataUp: minecraft:cut_sandstone_slab[type=top,waterlogged=false]
    collection:
      indirect: double_slab_sandstone
  chiseled_sandstone:
    itemMaterial: CHISELED_SANDSTONE
    cmd: 1
    display: Ornamental Sandstone
    category: Block
    type: VANILLA
    collection:
      indirect: double_slab_sandstone
  smooth_sandstone:
    itemMaterial: CUT_SANDSTONE
    cmd: 2
    display: Smooth Sandstone
    category: Block
    type: VANILLA
    collection:
      indirect: double_slab_sandstone
  smooth_red_sandstone:
    itemMaterial: CUT_RED_SANDSTONE
    cmd: 2
    display: Small Sandstone Brick with Red Bricks
    category: Block
    type: VANILLA
    collection:
      indirect: double_slab_sandstone
  trapdoor_sandstone_smooth_open_regular:
    itemMaterial: DIAMOND_CHESTPLATE
    cmd: 291
    display: Smooth Sandstone Vertical Thin Slab
    type: FOUR_DIRECTIONS
    blockDataSouth: minecraft:birch_trapdoor[facing=north,half=bottom,open=true,powered=false,waterlogged=false]
    blockDataWest: minecraft:birch_trapdoor[facing=east,half=bottom,open=true,powered=false,waterlogged=false]
    blockDataNorth: minecraft:birch_trapdoor[facing=south,half=bottom,open=true,powered=false,waterlogged=false]
    blockDataEast: minecraft:birch_trapdoor[facing=west,half=bottom,open=true,powered=false,waterlogged=false]
    collection:
      indirect: double_slab_sandstone
  trapdoor_sandstone_smooth_bottom:
    itemMaterial: CLAY_BALL
    cmd: 251
    display: Smooth Sandstone Thin Slab
    type: BISECTED
    blockDataDown: minecraft:birch_trapdoor[facing=north,half=bottom,open=false,powered=false,waterlogged=false]
    blockDataUp: minecraft:birch_trapdoor[facing=north,half=top,open=false,powered=false,waterlogged=false]
    collection:
      indirect: double_slab_sandstone
  trapdoor_sandstone_chiseled_open_regular:
    itemMaterial: DIAMOND_CHESTPLATE
    cmd: 288
    display: Ornamental Sandstone Vertical Thin Slab
    type: FOUR_DIRECTIONS
    blockDataSouth: minecraft:birch_trapdoor[facing=north,half=top,open=true,powered=true,waterlogged=false]
    blockDataWest: minecraft:birch_trapdoor[facing=east,half=top,open=true,powered=true,waterlogged=false]
    blockDataNorth: minecraft:birch_trapdoor[facing=south,half=top,open=true,powered=true,waterlogged=false]
    blockDataEast: minecraft:birch_trapdoor[facing=west,half=top,open=true,powered=true,waterlogged=false]
    collection:
      indirect: double_slab_sandstone
  trapdoor_sandstone_chiseled_bottom_regular:
    itemMaterial: DIAMOND_CHESTPLATE
    cmd: 289
    display: Ornamental Sandstone Thin Slab
    type: BISECTED
    blockDataDown: minecraft:birch_trapdoor[facing=east,half=bottom,open=false,powered=false,waterlogged=false]
    blockDataUp: minecraft:birch_trapdoor[facing=east,half=top,open=false,powered=false,waterlogged=false]
    collection:
      indirect: double_slab_sandstone
  chiseled_red_sandstone:
    itemMaterial: CHISELED_RED_SANDSTONE
    cmd: 1
    display: Mixed Sandstone Bricks
    category: Block
    type: VANILLA
    collection:
      indirect: red_sandstone
  double_slab_red_sandstone:
    itemMaterial: CLAY_BALL
    cmd: 63
    display: Mixed Small Sandstone Bricks
    type: BLOCK
    blockData: minecraft:red_sandstone_slab[type=double,waterlogged=false]
    collection:
      indirect: double_slab_sandstone
  large_small_sandstone_bricks:
    itemMaterial: CLAY_BALL
    cmd: 308
    display: Large Sandstone Bricks-Small Sandstone Brick Corner
    type: FOUR_DIRECTIONS
    blockDataSouth: minecraft:brown_mushroom_block[down=true,east=false,north=true,south=true,up=false,west=true]
    blockDataWest: minecraft:brown_mushroom_block[down=false,east=false,north=true,south=true,up=false,west=true]
    blockDataNorth: minecraft:brown_mushroom_block[down=true,east=false,north=true,south=true,up=true,west=false]
    blockDataEast: minecraft:brown_mushroom_block[down=false,east=false,north=true,south=true,up=true,west=false]
    collection:
      indirect: double_slab_sandstone
  large_sandsonte_red_brick:
    itemMaterial: CLAY_BALL
    cmd: 307
    display: Large Sandstone Brick-Red Brick Corner
    category: Block
    type: FOUR_DIRECTIONS
    blockDataSouth: minecraft:brown_mushroom_block[down=true,east=false,north=true,south=true,up=false,west=false]
    blockDataWest: minecraft:brown_mushroom_block[down=false,east=false,north=true,south=true,up=false,west=false]
    blockDataNorth: minecraft:brown_mushroom_block[down=true,east=false,north=true,south=true,up=false,west=false]
    blockDataEast: minecraft:brown_mushroom_block[down=false,east=false,north=true,south=true,up=false,west=false]
    collection:
      indirect: double_slab_sandstone
  sandstone_ornament_large_brick_corner:
    itemMaterial: CLAY_BALL
    cmd: 309
    display: Large Sandstone Brick-Ornamental Sandstone Brick Corner
    type: FOUR_DIRECTIONS
    blockDataSouth: minecraft:brown_mushroom_block[down=true,east=false,north=false,south=true,up=true,west=false]
    blockDataWest: minecraft:brown_mushroom_block[down=false,east=false,north=false,south=true,up=true,west=false]
    blockDataNorth: minecraft:brown_mushroom_block[down=true,east=false,north=false,south=true,up=true,west=false]
    blockDataEast: minecraft:brown_mushroom_block[down=false,east=false,north=false,south=true,up=true,west=false]
    collection:
      indirect: double_slab_sandstone
  brown_mushroom_block_c:
    itemMaterial: CLAY_BALL
    cmd: 65
    display: Small Sandstone Brick Cornerstones
    category: Block
    type: FOUR_DIRECTIONS
    blockDataSouth: minecraft:brown_mushroom_block[down=true,east=true,north=true,south=true,up=false,west=true]
    blockDataWest: minecraft:brown_mushroom_block[down=false,east=true,north=true,south=true,up=false,west=true]
    blockDataNorth: minecraft:brown_mushroom_block[down=true,east=true,north=true,south=true,up=false,west=true]
    blockDataEast: minecraft:brown_mushroom_block[down=false,east=true,north=true,south=true,up=false,west=true]
    collection:
      indirect: double_slab_sandstone
  brown_mushroom_block_sw:
    itemMaterial: CLAY_BALL
    cmd: 66
    display: Ornamental Sandstone Brick Cornerstones
    category: Block
    type: FOUR_DIRECTIONS
    blockDataSouth: minecraft:brown_mushroom_block[down=true,east=true,north=true,south=true,up=true,west=false]
    blockDataWest: minecraft:brown_mushroom_block[down=false,east=true,north=true,south=true,up=true,west=false]
    blockDataNorth: minecraft:brown_mushroom_block[down=true,east=true,north=true,south=true,up=true,west=false]
    blockDataEast: minecraft:brown_mushroom_block[down=false,east=true,north=true,south=true,up=true,west=false]
    collection:
      indirect: double_slab_sandstone
  brown_mushroom_block_se:
    itemMaterial: CLAY_BALL
    cmd: 67
    display: Small Sandstone Brick with Red Brick Cornerstones
    category: Block
    type: FOUR_DIRECTIONS
    blockDataSouth: minecraft:brown_mushroom_block[down=true,east=true,north=true,south=true,up=true,west=true]
    blockDataWest: minecraft:brown_mushroom_block[down=false,east=true,north=true,south=true,up=true,west=true]
    blockDataNorth: minecraft:brown_mushroom_block[down=true,east=true,north=true,south=true,up=true,west=true]
    blockDataEast: minecraft:brown_mushroom_block[down=false,east=true,north=true,south=true,up=true,west=true]
    collection:
      indirect: double_slab_sandstone
  brown_mushroom_normal:
    itemMaterial: CLAY_BALL
    cmd: 71
    display: Sandstone Pillar End
    category: Block
    type: SIX_FACES
    blockDataSouth: minecraft:brown_mushroom_block[down=false,east=true,north=true,south=false,up=true,west=true]
    blockDataWest: minecraft:brown_mushroom_block[down=true,east=true,north=true,south=false,up=false,west=true]
    blockDataNorth: minecraft:brown_mushroom_block[down=false,east=true,north=true,south=false,up=false,west=true]
    blockDataEast: minecraft:brown_mushroom_block[down=true,east=true,north=true,south=false,up=true,west=false]
    blockDataDown: minecraft:brown_mushroom_block[down=false,east=true,north=true,south=false,up=true,west=false]
    blockDataUp: minecraft:brown_mushroom_block[down=true,east=true,north=true,south=false,up=false,west=false]
    collection:
      indirect: cactus_stage5
  brown_mushroom_seu:
    itemMaterial: CLAY_BALL
    cmd: 72
    display: Sandstone Pillar Middle
    type: THREE_AXIS
    blockDataZ: minecraft:brown_mushroom_block[down=true,east=false,north=true,south=true,up=true,west=true]
    blockDataX: minecraft:brown_mushroom_block[down=false,east=false,north=true,south=true,up=true,west=true]
    blockDataY: minecraft:brown_mushroom_block[down=false,east=true,north=true,south=false,up=false,west=false]
    collection:
      indirect: cactus_stage5
  brown_mushroom_nwd:
    itemMaterial: CLAY_BALL
    cmd: 73
    display: Sandstone Pillar Middle 
    type: THREE_AXIS
    blockDataZ: minecraft:brown_mushroom_block[down=false,east=true,north=true,south=true,up=false,west=false]
    blockDataX: minecraft:brown_mushroom_block[down=true,east=true,north=true,south=false,up=true,west=true]
    blockDataY: minecraft:brown_mushroom_block[down=true,east=true,north=true,south=true,up=false,west=false]
    collection:
      indirect: cactus_stage5
  anvil_damage0_ne:
    itemMaterial: CLAY_BALL
    cmd: 288
    display: Large Sandstone Brick Balustrade
    type: FOUR_DIRECTIONS
    blockDataSouth: minecraft:anvil[facing=east]
    blockDataWest: minecraft:anvil[facing=north]
    blockDataNorth: minecraft:anvil[facing=east]
    blockDataEast: minecraft:anvil[facing=north]
    collection:
      indirect: cactus_stage5
  anvil_damage2_sw:
    itemMaterial: CLAY_BALL
    cmd: 291
    display: Rough Sandstone Balustrade
    category: Block
    type: FOUR_DIRECTIONS
    blockDataSouth: minecraft:damaged_anvil[facing=west]
    blockDataWest: minecraft:damaged_anvil[facing=south]
    blockDataNorth: minecraft:damaged_anvil[facing=west]
    blockDataEast: minecraft:damaged_anvil[facing=south]
    collection:
      indirect: cactus_stage5
  cactus_stage3:
    itemMaterial: CLAY_BALL
    cmd: 74
    display: Fancy Sandstone Pillar Bottom
    type: BLOCK
    blockData: minecraft:cactus[age=3]
    collection:
      indirect: cactus_stage5
  cactus_stage4:
    itemMaterial: CLAY_BALL
    cmd: 75
    display: Fancy Sandstone Pillar Middle
    type: BLOCK
    blockData: minecraft:cactus[age=4]
    collection:
      indirect: cactus_stage5
  cactus_stage5:
    itemMaterial: CLAY_BALL
    cmd: 76
    display: Fancy sandstone Pillar Top
    category: Block
    type: BLOCK
    blockData: minecraft:cactus[age=5]
    collection:
      B2: cactus_stage5
      C2: cactus_stage4
      D2: cactus_stage3
      E1: anvil_damage2_sw
      J1: anvil_damage0_ne
      G2: brown_mushroom_normal
      H2: brown_mushroom_seu
      I2: brown_mushroom_nwd
      A4: sandstone
      B4: red_sandstone
  red_nether_brick:
    itemMaterial: RED_NETHER_BRICKS
    display: Small Red Bricks
    category: Block
    type: VANILLA
    collection:
      A0: red_nether_brick
      A1: repeater_delay3_e
      B2: upper_slab_double_slab_nether_brick
      C2: trapdoor_nether_brick_bottom_regular
      D2: trapdoor_nether_brick_open_regular
      E1: vertical_slab_double_slab_nether_brick_regular
      F4: red_sandstone
      G4: double_slab_netherbrick_seamless
  repeater_delay3_e:
    itemMaterial: CLAY_BALL
    cmd: 193
    display: Small Red Brick Slab (lower)
    type: BLOCK
    blockData: minecraft:repeater[delay=3,facing=east,locked=false,powered=false]
    collection:
      indirect: red_nether_brick
  upper_slab_double_slab_nether_brick:
    contentItem: DIAMOND_CHESTPLATE
    contentDamage: 66
    contentHeight: 0.3125
    itemMaterial: DIAMOND_CHESTPLATE
    cmd: 66
    display: ITEMBLOCK Small Red Brick Slab (upper)
    type: ITEM_BLOCK
    blockData: minecraft:nether_brick_slab[type=top,waterlogged=false]
    collection:
      indirect: red_nether_brick
  trapdoor_nether_brick_open_regular:
    itemMaterial: DIAMOND_CHESTPLATE
    cmd: 294 
    display: Small Red Brick Vertical Thin Slab
    type: FOUR_DIRECTIONS
    blockDataSouth: minecraft:iron_trapdoor[facing=north,half=bottom,open=true,powered=true,waterlogged=false]
    blockDataWest: minecraft:iron_trapdoor[facing=east,half=bottom,open=true,powered=true,waterlogged=false]
    blockDataNorth: minecraft:iron_trapdoor[facing=south,half=bottom,open=true,powered=true,waterlogged=false]
    blockDataEast: minecraft:iron_trapdoor[facing=west,half=bottom,open=true,powered=true,waterlogged=false]
    collection:
      indirect: red_nether_brick
  trapdoor_nether_brick_bottom_regular:
    itemMaterial: DIAMOND_CHESTPLATE
    cmd: 295
    display: Small Red Brick Thin Slab
    type: BISECTED
    blockDataDown: minecraft:iron_trapdoor[facing=north,half=bottom,open=false,powered=true,waterlogged=false]
    blockDataUp: minecraft:iron_trapdoor[facing=north,half=top,open=false,powered=true,waterlogged=false]
    collection:
      indirect: red_nether_brick
  vertical_slab_double_slab_nether_brick_regular:
    itemMaterial: DIAMOND_CHESTPLATE
    cmd: 67
    display: Small Red Brick Vertical Slab
    type: FOUR_DIRECTIONS
    blockDataSouth: minecraft:acacia_fence_gate[facing=south,in_wall=true,open=false,powered=true]
    blockDataWest: minecraft:acacia_fence_gate[facing=west,in_wall=true,open=false,powered=true]
    blockDataNorth: minecraft:acacia_fence_gate[facing=north,in_wall=true,open=false,powered=true]
    blockDataEast: minecraft:acacia_fence_gate[facing=east,in_wall=true,open=false,powered=true]
    collection:
      indirect: red_nether_brick
  double_slab_netherbrick_seamless:
    itemMaterial: CLAY_BALL
    cmd: 78
    display: Small Brown Bricks
    category: Block
    type: BLOCK
    blockData: minecraft:red_nether_brick_slab[type=double,waterlogged=false]
    collection:
      A1: acacia_fence_gate_powered_ne
      A0: double_slab_netherbrick_seamless
      F1: repeater_delay4_s
      G2: trapdoor_nether_brick_seamless_bottom
      F4: sandstone_brown_brick_lower
      I2: trapdoor_mushroom_block_s_open_regular
      J1: vertical_slab_brown_mushroom_block_s_regular
      E0: double_slab_nether_brick
      E1: upper_slab_brown_mushroom_block_s
      D2: repeater_delay4_w
      C2: trapdoor_mushroom_block_s_bottom
      B2: dark_oak_door_bottom
      G4: sandstone_brown_brick_upper
      H4: red_sandstone
  double_slab_nether_brick:
    itemMaterial: CLAY_BALL
    cmd: 77
    display: Mossy Small Brown Bricks
    category: Block
    type: BLOCK
    blockData: minecraft:nether_brick_slab[type=double,waterlogged=false]
    collection:
      indirect: double_slab_netherbrick_seamless
  dark_oak_door_bottom:
    itemMaterial: CLAY_BALL
    cmd: 133
    display: Small Brown Brick Vertical Thin Slab
    type: FOUR_DIRECTIONS
    blockDataSouth: minecraft:dark_oak_door[facing=north,half=lower,hinge=left,open=false,powered=false]
    blockDataWest: minecraft:dark_oak_door[facing=east,half=lower,hinge=left,open=false,powered=false]
    blockDataNorth: minecraft:dark_oak_door[facing=south,half=lower,hinge=left,open=false,powered=false]
    blockDataEast: minecraft:dark_oak_door[facing=west,half=lower,hinge=left,open=false,powered=false]
    collection:
      indirect: double_slab_netherbrick_seamless
  trapdoor_nether_brick_seamless_bottom:
    itemMaterial: CLAY_BALL
    cmd: 252
    display: Small Brown Brick Thin Slab
    type: BISECTED
    blockDataDown: minecraft:iron_trapdoor[facing=south,half=bottom,open=false,powered=true,waterlogged=false]
    blockDataUp: minecraft:iron_trapdoor[facing=south,half=top,open=false,powered=true,waterlogged=false]
    collection:
      indirect: double_slab_netherbrick_seamless
  trapdoor_mushroom_block_s_open_regular:
    itemMaterial: DIAMOND_CHESTPLATE
    cmd: 300
    display: Mossy Small Brown Brick Vertical Thin Slab
    type: FOUR_DIRECTIONS
    blockDataSouth: minecraft:iron_trapdoor[facing=north,half=top,open=true,powered=true,waterlogged=false]
    blockDataWest: minecraft:iron_trapdoor[facing=east,half=top,open=true,powered=true,waterlogged=false]
    blockDataNorth: minecraft:iron_trapdoor[facing=south,half=top,open=true,powered=true,waterlogged=false]
    blockDataEast: minecraft:iron_trapdoor[facing=west,half=top,open=true,powered=true,waterlogged=false]
    collection:
      indirect: double_slab_netherbrick_seamless
  trapdoor_mushroom_block_s_bottom:
    itemMaterial: CLAY_BALL
    cmd: 253
    display: Mossy Small Brown Brick Thin Slab
    type: BISECTED
    blockDataDown: minecraft:iron_trapdoor[facing=west,half=bottom,open=false,powered=true,waterlogged=false]
    blockDataUp: minecraft:iron_trapdoor[facing=west,half=top,open=false,powered=true,waterlogged=false]
    collection:
      indirect: double_slab_netherbrick_seamless
  repeater_delay4_s:
    itemMaterial: CLAY_BALL
    cmd: 194
    display: Small Brown Brick Slab
    type: BISECTED
    blockDataDown: minecraft:repeater[delay=4,facing=south,locked=false,powered=false]
    blockDataUp: minecraft:cut_red_sandstone_slab[type=top,waterlogged=false]
    collection:
      indirect: double_slab_netherbrick_seamless
  sandstone_brown_brick_lower:
    itemMaterial: CLAY_BALL
    cmd: 312
    display: Small Sandstone Brick-Small Brown Brick Left
    type: FOUR_DIRECTIONS
    blockDataSouth: minecraft:brown_mushroom_block[down=true,east=false,north=true,south=false,up=false,west=true]
    blockDataWest: minecraft:brown_mushroom_block[down=true,east=false,north=true,south=false,up=true,west=true]
    blockDataNorth: minecraft:brown_mushroom_block[down=false,east=false,north=true,south=false,up=true,west=true]
    blockDataEast: minecraft:brown_mushroom_block[down=false,east=false,north=true,south=false,up=false,west=true]
    collection:
      indirect: double_slab_netherbrick_seamless
  acacia_fence_gate_powered_ne:
    itemMaterial: CLAY_BALL
    cmd: 321
    display: Small Brown Brick Vertical Slab
    type: FOUR_DIRECTIONS
    blockDataSouth: minecraft:birch_fence_gate[facing=south,in_wall=true,open=false,powered=true]
    blockDataWest: minecraft:birch_fence_gate[facing=west,in_wall=true,open=false,powered=true]
    blockDataNorth: minecraft:birch_fence_gate[facing=north,in_wall=true,open=false,powered=true]
    blockDataEast: minecraft:birch_fence_gate[facing=east,in_wall=true,open=false,powered=true]
    collection:
      indirect: double_slab_netherbrick_seamless
  vertical_slab_brown_mushroom_block_s_regular:
    itemMaterial: DIAMOND_CHESTPLATE
    cmd: 113
    display: Mossy Small Brown Bricks Vertical Slab
    type: FOUR_DIRECTIONS
    blockDataSouth: minecraft:birch_fence_gate[facing=south,in_wall=true,open=false,powered=false]
    blockDataWest: minecraft:birch_fence_gate[facing=west,in_wall=true,open=false,powered=false]
    blockDataNorth: minecraft:birch_fence_gate[facing=north,in_wall=true,open=false,powered=false]
    blockDataEast: minecraft:birch_fence_gate[facing=east,in_wall=true,open=false,powered=false]
    collection:
      indirect: double_slab_netherbrick_seamless
  upper_slab_brown_mushroom_block_s:
    contentItem: DIAMOND_CHESTPLATE
    contentDamage: 112
    contentHeight: 0.3125
    itemMaterial: DIAMOND_CHESTPLATE
    cmd: 112
    display: ITEMBLOCK Mossy Small Brown Brick Slab (upper)
    type: ITEM_BLOCK
    blockData: minecraft:nether_brick_slab[type=top,waterlogged=false]
    collection:
      indirect: double_slab_netherbrick_seamless
  repeater_delay4_w:
    itemMaterial: CLAY_BALL
    cmd: 195
    display: Mossy Small Brown Brick Slab (lower)
    type: BLOCK
    blockData: minecraft:repeater[delay=4,facing=west,locked=false,powered=false]
    collection:
      indirect: double_slab_netherbrick_seamless
  sandstone_brown_brick_upper:
    itemMaterial: CLAY_BALL
    cmd: 313
    display: Small Sandstone Brick-Small Brown Brick Right
    category: Block
    type: FOUR_DIRECTIONS
    blockDataSouth: minecraft:brown_mushroom_block[down=false,east=false,north=true,south=false,up=true,west=false]
    blockDataWest: minecraft:brown_mushroom_block[down=true,east=false,north=true,south=false,up=false,west=false]
    blockDataNorth: minecraft:brown_mushroom_block[down=false,east=false,north=true,south=false,up=false,west=false]
    blockDataEast: minecraft:brown_mushroom_block[down=true,east=false,north=true,south=false,up=true,west=false]
    collection:
      indirect: double_slab_netherbrick_seamless
  lime_stucco:
    itemMaterial: CLAY_BALL
    cmd: 115
    display: Light Stucco 
    category: Block
    blockData: minecraft:brown_mushroom_block[down=false,east=false,north=false,south=true,up=false,west=true]
    type: BLOCK
    collection:
      A0: lime_stucco
      F1: white_glazed_terracotta_sw
      G2: white_glazed_terracotta_ne
      I2: magenta_glazed_terracotta
      J1: light_blue_glazed_terracotta
      E0: orange_glazed_terracotta
      E1: light_stucco_outer
      D2: light_stucco_inner
      A4: red_sandstone
      B4: sandstone
      D4: red_glazed_terracotta
      E4: brown_glazed_terracotta_ne
      F4: purple_glazed_terracotta
      G4: silver_glazed_terracotta_ne
      I4: pink_glazed_terracotta
      J4: yellow_glazed_terracotta_ne
  white_glazed_terracotta_sw:
    itemMaterial: CLAY_BALL
    cmd: 299
    display: Light Stucco Cornerstones
    type: FOUR_DIRECTIONS
    blockDataSouth: minecraft:white_glazed_terracotta[facing=south]
    blockDataWest: minecraft:white_glazed_terracotta[facing=west]
    blockDataNorth: minecraft:white_glazed_terracotta[facing=south]
    blockDataEast: minecraft:white_glazed_terracotta[facing=west]
    collection:
      indirect: lime_stucco
  white_glazed_terracotta_ne:
    itemMaterial: CLAY_BALL
    cmd: 300
    display: Large Sandstone brick-Light Stucco Corner
    category: Block
    type: FOUR_DIRECTIONS
    blockDataSouth: minecraft:white_glazed_terracotta[facing=north]
    blockDataWest: minecraft:white_glazed_terracotta[facing=east]
    blockDataNorth: minecraft:white_glazed_terracotta[facing=north]
    blockDataEast: minecraft:white_glazed_terracotta[facing=east]
    collection:
      indirect: lime_stucco
  orange_glazed_terracotta:
    itemMaterial: ORANGE_GLAZED_TERRACOTTA
    cmd: 0
    display: Small Sandstone Brick-Light Stucco Corner
    type: VANILLA
    collection:
      indirect: lime_stucco
  magenta_glazed_terracotta:
    itemMaterial: MAGENTA_GLAZED_TERRACOTTA
    cmd: 0
    display: Weathered Light Stucco Lower Corner
    category: Block
    type: VANILLA
    collection:
      indirect: lime_stucco
  light_blue_glazed_terracotta:
    itemMaterial: LIGHT_BLUE_GLAZED_TERRACOTTA
    cmd: 0
    display: Weathered Light Stucco Upper Corner
    type: VANILLA
    collection:
      indirect: lime_stucco
  light_stucco_inner:
    itemMaterial: CLAY_BALL
    cmd: 239
    display: Weathered Light Stucco Inner
    type: BLOCK
    blockData: minecraft:brown_mushroom_block[down=true,east=true,north=false,south=true,up=false,west=true]
    collection:
      indirect: lime_stucco
  light_stucco_outer:
    itemMaterial: CLAY_BALL
    cmd: 240
    display: Weathered Light Stucco Outer
    type: BLOCK
    blockData: minecraft:brown_mushroom_block[down=false,east=true,north=false,south=true,up=true,west=true]
    collection:
      indirect: lime_stucco
  pink_stucco:
    itemMaterial: CLAY_BALL
    cmd: 120
    display: Pink Stucco
    category: Block
    blockData: minecraft:brown_mushroom_block[down=false,east=true,north=false,south=true,up=false,west=false]
    type: BLOCK
    collection:
      A0: pink_stucco
      F1: yellow_glazed_terracotta_sw
      G2: yellow_glazed_terracotta_ne
      I2: pink_glazed_terracotta
      J1: gray_glazed_terracotta
      E0: lime_glazed_terracotta
      E1: pink_stucco_outer
      D2: pink_stucco_inner
      A4: red_sandstone
      B4: sandstone
      D4: red_glazed_terracotta
      E4: brown_glazed_terracotta_ne
      F4: purple_glazed_terracotta
      G4: silver_glazed_terracotta_ne
      I4: magenta_glazed_terracotta
      J4: white_glazed_terracotta_ne
  yellow_glazed_terracotta_sw:
    itemMaterial: CLAY_BALL
    cmd: 301
    display: Pink Stucco Cornerstones
    type: FOUR_DIRECTIONS
    blockDataSouth: minecraft:yellow_glazed_terracotta[facing=south]
    blockDataWest: minecraft:yellow_glazed_terracotta[facing=west]
    blockDataNorth: minecraft:yellow_glazed_terracotta[facing=south]
    blockDataEast: minecraft:yellow_glazed_terracotta[facing=west]
    collection:
      indirect: pink_stucco
  yellow_glazed_terracotta_ne:
    itemMaterial: CLAY_BALL
    cmd: 302
    display: Large Sandstone Brick-Pink Stucco Corner
    category: Block
    type: FOUR_DIRECTIONS
    blockDataSouth: minecraft:yellow_glazed_terracotta[facing=north]
    blockDataWest: minecraft:yellow_glazed_terracotta[facing=east]
    blockDataNorth: minecraft:yellow_glazed_terracotta[facing=north]
    blockDataEast: minecraft:yellow_glazed_terracotta[facing=east]
    collection:
      indirect: pink_stucco
  lime_glazed_terracotta:
    itemMaterial: LIME_GLAZED_TERRACOTTA
    cmd: 0
    display: Small Sandstone Brick-Pink Stucco Corner
    type: VANILLA
    collection:
      indirect: pink_stucco
  pink_glazed_terracotta:
    itemMaterial: PINK_GLAZED_TERRACOTTA
    cmd: 0
    display: Weathered Pink Stucco Lower Corner
    category: Block
    type: VANILLA
    collection:
      indirect: pink_stucco
  gray_glazed_terracotta:
    itemMaterial: GRAY_GLAZED_TERRACOTTA
    cmd: 0
    display: Weathered Pink Stucco Upper Corner
    type: VANILLA
    collection:
      indirect: pink_stucco
  pink_stucco_inner:
    itemMaterial: CLAY_BALL
    cmd: 241
    display: Weathered Pink Stucco (inner)
    blockData: minecraft:brown_mushroom_block[down=false,east=true,north=false,south=false,up=true,west=true]
    type: BLOCK
    collection:
      indirect: pink_stucco
  pink_stucco_outer:
    itemMaterial: CLAY_BALL
    cmd: 242
    display: Weathered Pink Stucco (outer)
    blockData: minecraft:brown_mushroom_block[down=true,east=true,north=false,south=false,up=true,west=true]
    type: BLOCK
    collection:
      indirect: pink_stucco
  blue_stucco:
    itemMaterial: CLAY_BALL
    cmd: 107
    display: Blue Stucco
    category: Block
    blockData: minecraft:brown_mushroom_block[down=false,east=true,north=false,south=false,up=false,west=true]
    type: BLOCK
    collection:
      A1: purple_stained_hardened_clay
      A0: blue_stucco
      F1: brown_glazed_terracotta_sw
      G2: brown_glazed_terracotta_ne
      I2: red_glazed_terracotta
      J1: black_glazed_terracotta
      E0: green_glazed_terracotta 
      E1: blue_stucco_outer
      D2: blue_stucco_inner
      A4: red_sandstone
      B4: sandstone
      D4: purple_glazed_terracotta
      E4: silver_glazed_terracotta_ne
      F4: magenta_glazed_terracotta
      G4: white_glazed_terracotta_ne
      I4: pink_glazed_terracotta
      J4: yellow_glazed_terracotta_ne
  brown_glazed_terracotta_sw:
    itemMaterial: CLAY_BALL
    cmd: 305
    display: Blue Stucco Cornerstones
    type: FOUR_DIRECTIONS
    blockDataSouth: minecraft:brown_glazed_terracotta[facing=south]
    blockDataWest: minecraft:brown_glazed_terracotta[facing=west]
    blockDataNorth: minecraft:brown_glazed_terracotta[facing=south]
    blockDataEast: minecraft:brown_glazed_terracotta[facing=west]
    collection:
      indirect: blue_stucco
  brown_glazed_terracotta_ne:
    itemMaterial: CLAY_BALL
    cmd: 306
    display: Large Sandstone Brick-Blue Stucco Corner
    category: Block
    type: FOUR_DIRECTIONS
    blockDataSouth: minecraft:brown_glazed_terracotta[facing=north]
    blockDataWest: minecraft:brown_glazed_terracotta[facing=east]
    blockDataNorth: minecraft:brown_glazed_terracotta[facing=north]
    blockDataEast: minecraft:brown_glazed_terracotta[facing=east]
    collection:
      indirect: blue_stucco
  green_glazed_terracotta:
    itemMaterial: GREEN_GLAZED_TERRACOTTA
    cmd: 0
    display: Small Sandstone Brick-Blue Stucco Corner
    type: VANILLA
    collection:
      indirect: blue_stucco
  red_glazed_terracotta:
    itemMaterial: RED_GLAZED_TERRACOTTA
    cmd: 0
    display: Weathered Blue Stucco Lower Corner
    category: Block
    type: VANILLA
    collection:
      indirect: blue_stucco
  black_glazed_terracotta:
    itemMaterial: BLACK_GLAZED_TERRACOTTA
    cmd: 0
    display: Weathered Blue Stucco Upper Corner
    type: VANILLA
    collection:
      indirect: blue_stucco
  blue_stucco_inner:
    itemMaterial: CLAY_BALL
    cmd: 236
    display: Weathered Blue Stucco (inner)
    blockData: minecraft:brown_mushroom_block[down=false,east=true,north=false,south=false,up=true,west=false]
    type: BLOCK
    collection:
      indirect: blue_stucco
  blue_stucco_outer:
    itemMaterial: CLAY_BALL
    cmd: 245
    display: Weathered Blue Stucco (outer)
    blockData: minecraft:brown_mushroom_block[down=true,east=true,north=false,south=false,up=true,west=false]
    type: BLOCK
    collection:
      indirect: blue_stucco
  purple_stained_hardened_clay:
    itemMaterial: CLAY_BALL
    cmd: 106
    display: Ornamental Blue Stucco 
    blockData: minecraft:brown_mushroom_block[down=true,east=true,north=false,south=false,up=false,west=true]
    type: BLOCK
    collection:
      indirect: blue_stucco
  light_blue_stucco:
    itemMaterial: CLAY_BALL
    cmd: 110
    display: Light Blue Stucco
    category: Block
    blockData: minecraft:brown_mushroom_block[down=true,east=true,north=false,south=true,up=true,west=false]
    type: BLOCK
    collection:
      A1: magenta_stucco_base
      A0: light_blue_stucco
      F1: silver_glazed_terracotta_sw
      G2: silver_glazed_terracotta_ne
      I2: purple_glazed_terracotta
      J1: blue_glazed_terracotta
      E0: cyan_glazed_terracotta 
      E1: light_blue_stucco_outer
      D2: light_blue_stucco_inner
      A4: red_sandstone
      B4: sandstone
      D4: red_glazed_terracotta
      E4: brown_glazed_terracotta_ne
      F4: magenta_glazed_terracotta
      G4: white_glazed_terracotta_ne
      I4: pink_glazed_terracotta
      J4: yellow_glazed_terracotta_ne
  silver_glazed_terracotta_sw:
    itemMaterial: CLAY_BALL
    cmd: 303
    display: Light Blue Stucco Cornerstones
    type: FOUR_DIRECTIONS
    blockDataSouth: minecraft:light_gray_glazed_terracotta[facing=south]
    blockDataWest: minecraft:light_gray_glazed_terracotta[facing=west]
    blockDataNorth: minecraft:light_gray_glazed_terracotta[facing=south]
    blockDataEast: minecraft:light_gray_glazed_terracotta[facing=west]
    collection:
      indirect: light_blue_stucco
  silver_glazed_terracotta_ne:
    itemMaterial: CLAY_BALL
    cmd: 304
    display: Large Sandstone Brick-Light Blue Stucco Corner
    category: Block
    type: FOUR_DIRECTIONS
    blockDataSouth: minecraft:light_gray_glazed_terracotta[facing=north]
    blockDataWest: minecraft:light_gray_glazed_terracotta[facing=east]
    blockDataNorth: minecraft:light_gray_glazed_terracotta[facing=north]
    blockDataEast: minecraft:light_gray_glazed_terracotta[facing=east]
    collection:
      indirect: light_blue_stucco
  cyan_glazed_terracotta:
    itemMaterial: CYAN_GLAZED_TERRACOTTA
    cmd: 0
    display: Small Sandstone Brick-Light Blue Stucco Corner
    type: VANILLA
    collection:
      indirect: light_blue_stucco
  purple_glazed_terracotta:
    itemMaterial: PURPLE_GLAZED_TERRACOTTA
    cmd: 0
    display: Weathered Light Blue Stucco Lower Corner
    category: Block
    type: VANILLA
    collection:
      indirect: light_blue_stucco
  blue_glazed_terracotta:
    itemMaterial: BLUE_GLAZED_TERRACOTTA
    cmd: 0
    display: Weathered Light Blue Stucco Upper Corner
    type: VANILLA
    collection:
      indirect: light_blue_stucco
  light_blue_stucco_inner:
    itemMaterial: CLAY_BALL
    cmd: 243
    display: Weathered Light Blue Stucco (inner)
    blockData: minecraft:brown_mushroom_block[down=true,east=true,north=false,south=true,up=false,west=false]
    type: BLOCK
    collection:
      indirect: light_blue_stucco
  light_blue_stucco_outer:
    itemMaterial: CLAY_BALL
    cmd: 244
    display: Weathered Light Blue Stucco (outer)
    blockData: minecraft:brown_mushroom_block[down=false,east=true,north=false,south=true,up=true,west=false]
    type: BLOCK
    collection:
      indirect: light_blue_stucco
  magenta_stucco_base:
    itemMaterial: CLAY_BALL
    cmd: 108
    display: Ornamental Light Blue Stucco
    blockData: minecraft:brown_mushroom_block[down=false,east=true,north=false,south=true,up=false,west=true]
    type: BLOCK
    collection:
      indirect: light_blue_stucco
  red_stucco:
    itemMaterial: CLAY_BALL
    cmd: 121
    display: Red Stucco
    category: Block
    blockData: minecraft:brown_mushroom_block[down=true,east=true,north=false,south=false,up=false,west=false]
    type: BLOCK
    collection:
      J1: red_stucco
      E0: red_plaster
      E1: orange_stucco
      D2: yellow_stucco
      C2: loam_wall
      B2: light_yellow_stucco
      A0: light_yellow_stucco_ornament
      F1: white_stucco
      A1: light_yellow_stucco_ornament_thin
  red_plaster:
    itemMaterial: CLAY_BALL
    cmd: 457
    display: Red Plaster
    category: Block
    type: BLOCK
    blockData: minecraft:target[power=9]
    collection:
      indirect: red_stucco
  orange_stucco:
    itemMaterial: CLAY_BALL
    cmd: 119
    display: Orange Stucco
    category: Block
    blockData: minecraft:brown_mushroom_block[down=false,east=true,north=false,south=false,up=false,west=false]
    type: BLOCK
    collection:
      indirect: red_stucco
  yellow_stucco:
    itemMaterial: CLAY_BALL
    cmd: 118
    display: Yellow Stucco
    category: Block
    blockData: minecraft:brown_mushroom_block[down=true,east=false,north=false,south=true,up=true,west=true]
    type: BLOCK
    collection:
      indirect: red_stucco
  loam_wall:
    itemMaterial: CLAY_BALL
    cmd: 455
    display: Loam Wall
    category: Block
    type: BLOCK
    blockData: minecraft:target[power=6]
    collection:
      indirect: red_stucco
  light_yellow_stucco:
    itemMaterial: CLAY_BALL
    cmd: 116
    display: Light Yellow Stucco
    category: Block
    blockData: minecraft:brown_mushroom_block[down=false,east=false,north=false,south=true,up=true,west=true]
    type: BLOCK
    collection:
      indirect: red_stucco
  light_yellow_stucco:
    itemMaterial: CLAY_BALL
    cmd: 446
    display: Light Yellow Stucco Thin
    blockData: minecraft:repeater[delay=1,facing=west,locked=true,powered=false]
    type: BLOCK
    collection:
      indirect: red_stucco
  light_yellow_stucco_ornament:
    itemMaterial: CLAY_BALL
    cmd: 117
    display: Ornamental Light Yellow Stucco
    category: Block
    blockData: minecraft:brown_mushroom_block[down=true,east=false,north=false,south=true,up=false,west=true]
    type: BLOCK
    collection:
      indirect: red_stucco
  light_yellow_stucco_ornament_thin:
    itemMaterial: CLAY_BALL
    cmd: 444
    display: Ornamental Light Yellow Stucco Thin
    blockData: minecraft:repeater[delay=1,facing=east,locked=true,powered=false]
    type: BLOCK
    collection:
      indirect: red_stucco
  white_stucco:
    itemMaterial: CLAY_BALL
    cmd: 114
    display: White Stucco
    category: Block
    blockData: minecraft:brown_mushroom_block[down=true,east=true,north=false,south=true,up=true,west=true]
    type: BLOCK
    collection:
      indirect: red_stucco
