Items:
    sandstone:
      blockMaterial: SANDSTONE
      dataValue: 0
      itemMaterial: SANDSTONE
      damage: 0
      display: Large sandstone bricks [24:0]
      category: Block
      type: VANILLA
    sandstone_stairs:
      blockMaterial: SANDSTONE_STAIRS
      dataValue: 0
      itemMaterial: SANDSTONE_STAIRS
      damage: 0
      display: Large sandstone bricks stairs [128:0]
      category: Block
      type: VANILLA
    sandstone_slab:
      blockMaterial: STEP
      dataValue: 1
      itemMaterial: STEP
      damage: 1
      display: Large sandstone bricks slab [44:1]
      category: Block
      type: VANILLA
    end_portal_frame_empty_north:
      blockMaterial: ENDER_PORTAL_FRAME
      dataValue: 2
      itemMaterial: DIAMOND_LEGGINGS
      damage: 57
      display: Large sandstone bricks thick slab [120:2]
      category: Block
      type: BLOCK
    end_portal_frame_filled_north:
      blockMaterial: ENDER_PORTAL_FRAME
      dataValue: 6
      itemMaterial: DIAMOND_LEGGINGS
      damage: 58
      display: Large sandstone bricks thick slab with stub [120:6]
      category: Block
      type: BLOCK
    red_sandstone:
      blockMaterial: RED_SANDSTONE
      dataValue: 0
      itemMaterial: RED_SANDSTONE
      damage: 0
      display: Small sandstone bricks [179:0]
      category: Block
      type: VANILLA
    red_sandstone_stairs:
      blockMaterial: RED_SANDSTONE_STAIRS
      dataValue: 0
      itemMaterial: RED_SANDSTONE_STAIRS
      damage: 0
      display: Small sandstone bricks stairs [180:0]
      category: Block
      type: VANILLA
    red_sandstone_slab:
      blockMaterial: STONE_SLAB2
      dataValue: 0
      itemMaterial: STONE_SLAB2
      damage: 0
      display: Small sandstone bricks slab [182:0]
      category: Block
      type: VANILLA
    piston_sticky_extended:
      blockMaterial: PISTON_STICKY_BASE
      dataValueNorth: 11
      dataValueSouth: 10
      dataValueWest: 13
      dataValueEast: 12
      itemMaterial: DIAMOND_LEGGINGS
      damage: 59
      display: Large sandstone bricks indented wall [29:10]
      category: Block
      type: FOUR_DIRECTIONS
    double_slab_sandstone_seamless:
      blockMaterial: DOUBLE_STEP
      dataValue: 9
      itemMaterial: DIAMOND_LEGGINGS
      damage: 60
      display: Mossy large sandstone bricks [43:9]
      category: Block
      type: BLOCK
    double_slab_red_sandstone_seamless:
      blockMaterial: DOUBLE_STONE_SLAB2
      dataValue: 8
      itemMaterial: DIAMOND_LEGGINGS
      damage: 61
      display: Mossy small sandstone bricks [181:8]
      category: Block
      type: BLOCK
    chiseled_sandstone:
      blockMaterial: SANDSTONE
      dataValue: 1
      itemMaterial: SANDSTONE
      damage: 1
      display: Sandstone ornament star [24:1]
      category: Block
      type: VANILLA
    smooth_sandstone:
      blockMaterial: SANDSTONE
      dataValue: 2
      itemMaterial: SANDSTONE
      damage: 2
      display: Smooth sandstone block [24:2]
      category: Block
      type: VANILLA
    smooth_red_sandstone:
      blockMaterial: RED_SANDSTONE
      dataValue: 2
      itemMaterial: RED_SANDSTONE
      damage: 2
      display: Sandstone with red bricks [179:2]
      category: Block
      type: VANILLA
    double_slab_sandstone:
      blockMaterial: DOUBLE_STEP
      dataValue: 1
      itemMaterial: DIAMOND_LEGGINGS
      damage: 62
      display: Sandstone ornament horizontal [43:1]
      category: Block
      type: BLOCK
    chiseled_red_sandstone:
      blockMaterial: RED_SANDSTONE
      dataValue: 1
      itemMaterial: RED_SANDSTONE
      damage: 1
      display: Mixed sizes sandstone bricks [179:1]
      category: Block
      type: VANILLA
    double_slab_red_sandstone:
      blockMaterial: DOUBLE_STONE_SLAB2
      dataValue: 0
      itemMaterial: DIAMOND_LEGGINGS
      damage: 63
      display: Mixed colors sandstone bricks [181:0]
      category: Block
      type: BLOCK
    white_concrete:
      blockMaterial: CONCRETE
      dataValueNorth: 0
      dataValueSouth: 2
      dataValueWest: 1
      dataValueEast: 3
      itemMaterial: DIAMOND_LEGGINGS
      damage: 308
      display: Large + Small sandstone bricks combo [251:0]
      category: Block
      type: FOUR_DIRECTIONS
    pink_concrete:
      blockMaterial: CONCRETE
      dataValueNorth: 7
      dataValueSouth: 7
      dataValueWest: 6
      dataValueEast: 6
      itemMaterial: DIAMOND_LEGGINGS
      damage: 307
      display: Large sandstone with red bricks [251:6]
      category: Block
      type: FOUR_DIRECTIONS
    yellow_concrete:
      blockMaterial: CONCRETE
      dataValueNorth: 4
      dataValueSouth: 4
      dataValueWest: 5
      dataValueEast: 5
      itemMaterial: DIAMOND_LEGGINGS
      damage: 309
      display: Sandstone ornament large bricks corner [251:4]
      category: Block
      type: FOUR_DIRECTIONS
    brown_mushroom_block_c:
      blockMaterial: HUGE_MUSHROOM_1
      dataValueNorth: 5
      dataValueSouth: 5
      dataValueWest: 6
      dataValueEast: 6
      itemMaterial: DIAMOND_LEGGINGS
      damage: 65
      display: Small sandstone bricks cornerstones [99:5]
      category: Block
      type: FOUR_DIRECTIONS
    brown_mushroom_block_sw:
      blockMaterial: HUGE_MUSHROOM_1
      dataValueNorth: 7
      dataValueSouth: 7
      dataValueWest: 8
      dataValueEast: 8
      itemMaterial: DIAMOND_LEGGINGS
      damage: 66
      display: Sandstone ornament cornerstones [99:7]
      category: Block
      type: FOUR_DIRECTIONS
    brown_mushroom_block_se:
      blockMaterial: HUGE_MUSHROOM_1
      dataValueNorth: 9
      dataValueSouth: 9
      dataValueWest: 10
      dataValueEast: 10
      itemMaterial: DIAMOND_LEGGINGS
      damage: 67
      display: Sandstone with red bricks corner [99:9]
      category: Block
      type: FOUR_DIRECTIONS
    brown_mushroom_normal:
      blockMaterial: HUGE_MUSHROOM_2
      dataValueUp: 1
      dataValueDown: 2
      dataValueNorth: 3
      dataValueSouth: 4
      dataValueWest: 6
      dataValueEast: 5
      itemMaterial: DIAMOND_LEGGINGS
      damage: 71
      display: Sandstone pillar end [100:1]
      category: Block
      type: SIX_FACES
    brown_mushroom_seu:
      blockMaterial: HUGE_MUSHROOM_2
      dataValueY: 7
      dataValueX: 9
      dataValueZ: 8
      itemMaterial: DIAMOND_LEGGINGS
      damage: 72
      display: Sandstone pillar middle [100:7]
      category: Block
      type: THREE_AXIS
    brown_mushroom_nwd:
      blockMaterial: HUGE_MUSHROOM_2
      dataValueY: 10
      dataValueX: 14
      dataValueZ: 15
      itemMaterial: DIAMOND_LEGGINGS
      damage: 73
      display: Sandstone pillar middle alt [100:10]
      category: Block
      type: THREE_AXIS
    anvil_damage0_ne:
      blockMaterial: ANVIL
      dataValueNorth: 3
      dataValueWest: 2
      dataValueSouth: 3
      dataValueEast: 2
      itemMaterial: DIAMOND_LEGGINGS
      damage: 288
      display: Sandstone bricks balustrade [145:2]
      category: Block
      type: FOUR_DIRECTIONS
    anvil_damage2_sw:
      blockMaterial: ANVIL
      dataValueNorth: 9
      dataValueWest: 8
      dataValueSouth: 9
      dataValueEast: 8
      itemMaterial: DIAMOND_LEGGINGS
      damage: 291
      display: Smooth red stone balustrade [145:8]
      category: Block
      type: FOUR_DIRECTIONS
    cactus_stage3:
      blockMaterial: CACTUS
      dataValue: 3
      itemMaterial: DIAMOND_LEGGINGS
      damage: 74
      display: Fancy sandstone pillar bottom [81:3]
      category: Block
      type: BLOCK
    cactus_stage4:
      blockMaterial: CACTUS
      dataValue: 4
      itemMaterial: DIAMOND_LEGGINGS
      damage: 75
      display: Fancy sandstone pillar middle [81:4]
      category: Block
      type: BLOCK
    cactus_stage5:
      blockMaterial: CACTUS
      dataValue: 5
      itemMaterial: DIAMOND_LEGGINGS
      damage: 76
      display: Fancy sandstone pillar top [81:5]
      category: Block
      type: BLOCK
    red_nether_brick:
      itemMaterial: RED_NETHER_BRICK
      display: red bricks [215:0]
      category: Block
      type: VANILLA
    double_slab_netherbrick_seamless:
      blockMaterial: DOUBLE_STEP
      dataValue: 14
      itemMaterial: DIAMOND_LEGGINGS
      damage: 78
      display: Brown bricks [43:14]
      category: Block
      type: BLOCK
    double_slab_nether_brick:
      blockMaterial: DOUBLE_STEP
      dataValue: 6
      itemMaterial: DIAMOND_LEGGINGS
      damage: 77
      display: Mossy brown bricks [43:6]
      category: Block
      type: BLOCK
    silver_concrete:
      blockMaterial: CONCRETE
      dataValueNorth: 9
      dataValueSouth: 11
      dataValueWest: 8
      dataValueEast: 10
      itemMaterial: DIAMOND_LEGGINGS
      damage: 312
      display: Sandstone + brown bricks combo lower corner [251:8]
      category: Block
      type: FOUR_DIRECTIONS
    brown_concrete:
      blockMaterial: CONCRETE
      dataValueNorth: 15
      dataValueSouth: 13
      dataValueWest: 14
      dataValueEast: 12
      itemMaterial: DIAMOND_LEGGINGS
      damage: 313
      display: Sandstone + brown bricks combo upper corner [251:12]
      category: Block
      type: FOUR_DIRECTIONS
    white_stained_hardened_clay:
      blockMaterial: STAINED_CLAY
      dataValue: 0
      itemMaterial: STAINED_CLAY
      damage: 0
      display: White stucco [159:0]
      category: Block
      type: VANILLA
    lime_stained_hardened_clay:
      blockMaterial: STAINED_CLAY
      dataValue: 5
      itemMaterial: STAINED_CLAY
      damage: 5
      display: Light stucco [159:5]
      category: Block
      type: VANILLA
    gray_stained_hardened_clay:
      blockMaterial: STAINED_CLAY
      dataValue: 7
      itemMaterial: STAINED_CLAY
      damage: 7
      display: Light yellow stucco [159:7]
      category: Block
      type: VANILLA
    silver_stained_hardened_clay:
      blockMaterial: STAINED_CLAY
      dataValue: 8
      itemMaterial: STAINED_CLAY
      damage: 8
      display: Light yellow stucco ornament [159:8]
      category: Block
      type: VANILLA
    yellow_stained_hardened_clay:
      blockMaterial: STAINED_CLAY
      dataValue: 4
      itemMaterial: STAINED_CLAY
      damage: 4
      display: Yellow stucco [159:4]
      category: Block
      type: VANILLA
    orange_stained_hardened_clay:
      blockMaterial: STAINED_CLAY
      dataValue: 1
      itemMaterial: STAINED_CLAY
      damage: 1
      display: Orange stucco [159:1]
      category: Block
      type: VANILLA
    pink_stained_hardened_clay:
      blockMaterial: STAINED_CLAY
      dataValue: 6
      itemMaterial: STAINED_CLAY
      damage: 6
      display: Pink stucco [159:6]
      category: Block
      type: VANILLA
    red_stained_hardened_clay:
      blockMaterial: STAINED_CLAY
      dataValue: 14
      itemMaterial: STAINED_CLAY
      damage: 14
      display: Red stucco [159:14]
      category: Block
      type: VANILLA
    purple_stained_hardened_clay:
      blockMaterial: STAINED_CLAY
      dataValue: 10
      itemMaterial: STAINED_CLAY
      damage: 10
      display: Blue stucco base [159:10]
      category: Block
      type: VANILLA
    blue_stained_hardened_clay:
      blockMaterial: STAINED_CLAY
      dataValue: 11
      itemMaterial: STAINED_CLAY
      damage: 11
      display: Blue stucco [159:11]
      category: Block
      type: VANILLA
    magenta_stained_hardened_clay:
      blockMaterial: STAINED_CLAY
      dataValue: 2
      itemMaterial: STAINED_CLAY
      damage: 2
      display: Light blue stucco base [159:2]
      category: Block
      type: VANILLA
    light_blue_stained_hardened_clay:
      blockMaterial: STAINED_CLAY
      dataValue: 3
      itemMaterial: STAINED_CLAY
      damage: 3
      display: Light blue stucco [159:3]
      category: Block
      type: VANILLA
    white_glazed_terracotta_sw:
      blockMaterial: WHITE_GLAZED_TERRACOTTA
      dataValueNorth: 0
      dataValueWest: 1
      dataValueSouth: 0
      dataValueEast: 1
      itemMaterial: DIAMOND_LEGGINGS
      damage: 299
      display: Light stucco cornerstones [235:0]
      category: Block
      type: FOUR_DIRECTIONS
    white_glazed_terracotta_ne:
      blockMaterial: WHITE_GLAZED_TERRACOTTA
      dataValueNorth: 2
      dataValueWest: 3
      dataValueSouth: 2
      dataValueEast: 3
      itemMaterial: DIAMOND_LEGGINGS
      damage: 300
      display: Light stucco large sandstone bricks cornerstones [235:2]
      category: Block
      type: FOUR_DIRECTIONS
    orange_glazed_terracotta:
      blockMaterial: ORANGE_GLAZED_TERRACOTTA
      dataValue: 0
      itemMaterial: ORANGE_GLAZED_TERRACOTTA
      damage: 0
      display: Light stucco with small sandstone bricks [236:0]
      category: Block
      type: VANILLA
    magenta_glazed_terracotta:
      blockMaterial: MAGENTA_GLAZED_TERRACOTTA
      dataValue: 0
      itemMaterial: MAGENTA_GLAZED_TERRACOTTA
      damage: 0
      display: Weathered light stucco lower corner [237:0]
      category: Block
      type: VANILLA
    light_blue_glazed_terracotta:
      blockMaterial: LIGHT_BLUE_GLAZED_TERRACOTTA
      dataValue: 0
      itemMaterial: LIGHT_BLUE_GLAZED_TERRACOTTA
      damage: 0
      display: Weathered light stucco upper corner [238:0]
      category: Block
      type: VANILLA
    cyan_concrete_powder:
      itemMaterial: CONCRETE_POWDER
      damage: 9
      category: Block
      display: Weathered stucco (stucco inner) [252:9]
      type: VANILLA
    light_gray_concrete_powder:
      itemMaterial: CONCRETE_POWDER
      damage: 8
      category: Block
      display: Weathered stucco (stucco inner) [252:8]
      type: VANILLA
    yellow_glazed_terracotta_sw:
      blockMaterial: YELLOW_GLAZED_TERRACOTTA
      dataValueNorth: 0
      dataValueWest: 1
      dataValueSouth: 0
      dataValueEast: 1
      itemMaterial: DIAMOND_LEGGINGS
      damage: 301
      display: Pink stucco cornerstones [239:0]
      category: Block
      type: FOUR_DIRECTIONS
    yellow_glazed_terracotta_ne:
      blockMaterial: YELLOW_GLAZED_TERRACOTTA
      dataValueNorth: 2
      dataValueWest: 3
      dataValueSouth: 2
      dataValueEast: 3
      itemMaterial: DIAMOND_LEGGINGS
      damage: 302
      display: Pink stucco large sandstone bricks cornerstones [239:2]
      category: Block
      type: FOUR_DIRECTIONS
    lime_glazed_terracotta:
      blockMaterial: LIME_GLAZED_TERRACOTTA
      dataValue: 0
      itemMaterial: LIME_GLAZED_TERRACOTTA
      damage: 0
      display: Pink stucco with small sandstone bricks [240:0]
      category: Block
      type: VANILLA
    pink_glazed_terracotta:
      blockMaterial: PINK_GLAZED_TERRACOTTA
      dataValue: 0
      itemMaterial: PINK_GLAZED_TERRACOTTA
      damage: 0
      display: Weathered pink stucco lower corner [241:0]
      category: Block
      type: VANILLA
    gray_glazed_terracotta:
      blockMaterial: GRAY_GLAZED_TERRACOTTA
      dataValue: 0
      itemMaterial: GRAY_GLAZED_TERRACOTTA
      damage: 0
      display: Weathered pink stucco upper corner [242:0]
      category: Block
      type: VANILLA
    blue_concrete_powder:
      itemMaterial: CONCRETE_POWDER
      damage: 11 
      display: Weathered pink stucco (stucco inner) [252:11]
      category: Block
      type: VANILLA
    purple_concrete_powder:
      itemMaterial: CONCRETE_POWDER
      damage: 10 
      display: Weathered pink stucco (stucco outer) [252:10]
      category: Block
      type: VANILLA
    silver_glazed_terracotta_sw:
      blockMaterial: SILVER_GLAZED_TERRACOTTA
      dataValueNorth: 0
      dataValueWest: 1
      dataValueSouth: 0
      dataValueEast: 1
      itemMaterial: DIAMOND_LEGGINGS
      damage: 303
      display: Light blue stucco cornerstones [243:0]
      category: Block
      type: FOUR_DIRECTIONS
    silver_glazed_terracotta_ne:
      blockMaterial: SILVER_GLAZED_TERRACOTTA
      dataValueNorth: 2
      dataValueWest: 3
      dataValueSouth: 2
      dataValueEast: 3
      itemMaterial: DIAMOND_LEGGINGS
      damage: 304
      display: Light blue stucco large sandstone bricks cornerstones [243:2]
      category: Block
      type: FOUR_DIRECTIONS
    cyan_glazed_terracotta:
      blockMaterial: CYAN_GLAZED_TERRACOTTA
      dataValue: 0
      itemMaterial: CYAN_GLAZED_TERRACOTTA
      damage: 0
      display: Light blue stucco with small sandstone bricks [244:0]
      category: Block
      type: VANILLA
    purple_glazed_terracotta:
      blockMaterial: PURPLE_GLAZED_TERRACOTTA
      dataValue: 0
      itemMaterial: PURPLE_GLAZED_TERRACOTTA
      damage: 0
      display: Weathered light blue stucco lower corner [245:0]
      category: Block
      type: VANILLA
    blue_glazed_terracotta:
      blockMaterial: BLUE_GLAZED_TERRACOTTA
      dataValue: 0
      itemMaterial: BLUE_GLAZED_TERRACOTTA
      damage: 0
      display: Weathered light blue stucco upper corner [246:0]
      category: Block
      type: VANILLA
    green_concrete_powder:
      itemMaterial: CONCRETE_POWDER
      damage: 13 
      display: Weathered light blue stucco (stucco inner) [252:13]
      category: Block
      type: VANILLA
    brown_concrete_powder:
      itemMaterial: CONCRETE_POWDER
      damage: 12 
      display: Weathered light blue stucco (stucco outer) [252:12]
      category: Block
      type: VANILLA
    brown_glazed_terracotta_sw:
      blockMaterial: BROWN_GLAZED_TERRACOTTA
      dataValueNorth: 0
      dataValueWest: 1
      dataValueSouth: 0
      dataValueEast: 1
      itemMaterial: DIAMOND_LEGGINGS
      damage: 305
      display: Blue stucco cornerstones [247:0]
      category: Block
      type: FOUR_DIRECTIONS
    brown_glazed_terracotta_ne:
      blockMaterial: BROWN_GLAZED_TERRACOTTA
      dataValueNorth: 2
      dataValueWest: 3
      dataValueSouth: 2
      dataValueEast: 3
      itemMaterial: DIAMOND_LEGGINGS
      damage: 306
      display: Blue stucco large sandstone bricks cornerstones [247:2]
      category: Block
      type: FOUR_DIRECTIONS
    green_glazed_terracotta:
      blockMaterial: GREEN_GLAZED_TERRACOTTA
      dataValue: 0
      itemMaterial: GREEN_GLAZED_TERRACOTTA
      damage: 0
      display: blue stucco with small sandstone bricks [248:0]
      category: Block
      type: VANILLA
    red_glazed_terracotta:
      blockMaterial: RED_GLAZED_TERRACOTTA
      dataValue: 0
      itemMaterial: RED_GLAZED_TERRACOTTA
      damage: 0
      display: Weathered blue stucco lower corner [249:0]
      category: Block
      type: VANILLA
    black_glazed_terracotta:
      blockMaterial: BLACK_GLAZED_TERRACOTTA
      dataValue: 0
      itemMaterial: BLACK_GLAZED_TERRACOTTA
      damage: 0
      display: Weathered blue stucco upper corner [250:0]
      category: Block
      type: VANILLA
    black_concrete_powder:
      itemMaterial: CONCRETE_POWDER
      damage: 15 
      display: Weathered blue stucco (stucco inner) [252:15]
      category: Block
      type: VANILLA
    red_concrete_powder:
      itemMaterial: CONCRETE_POWDER
      damage: 14 
      display: Weathered blue stucco (stucco outer) [252:14]
      category: Block
      type: VANILLA
    dark_oak_fence_gate_closed:
      blockMaterial: DARK_OAK_FENCE_GATE
      dataValueNorth: 2
      dataValueWest: 1
      dataValueSouth: 0
      dataValueEast: 3
      itemMaterial: DIAMOND_LEGGINGS
      damage: 235
      display: Vertical large sandstone bricks slab [186:0]
      category: Block
      type: FOUR_DIRECTIONS
    dark_oak_fence_gate_powered_closed:
      blockMaterial: DARK_OAK_FENCE_GATE
      dataValueNorth: 10
      dataValueWest: 9
      dataValueSouth: 8
      dataValueEast: 11
      itemMaterial: DIAMOND_LEGGINGS
      damage: 237
      display: Vertical small sandstone bricks slab [186:8]
      category: Block
      type: FOUR_DIRECTIONS
    repeater_delay3_s:
      blockMaterial: DIODE_BLOCK_OFF
      dataValue: 8
      itemMaterial: DIAMOND_LEGGINGS
      damage: 190
      display: Mossy large sandstone bricks slab (lower)
      category: Block
      type: BLOCK
    upper_slab_double_slab_sandstone_seamless:
      blockMaterial: STEP
      blockDataValue: 14
      contentItem: DIAMOND_CHESTPLATE
      contentDamage: 57
      contentHeight: 0.3125
      itemMaterial: DIAMOND_CHESTPLATE
      damage: 57
      display: ITEMBLOCK Mossy large sandstone bricks slab (upper)
      category: Block
      type: ITEM_BLOCK
    vertical_slab_double_slab_sandstone_seamless:
      blockMaterial: ACACIA_FENCE_GATE
      dataValueNorth: 8
      dataValueWest: 9
      dataValueSouth: 8
      dataValueEast: 9
      contentItem: DIAMOND_CHESTPLATE
      contentDamage: 58
      contentHeight: 0.3125
      itemMaterial: DIAMOND_CHESTPLATE
      damage: 58
      display: ITEMBLOCK Vertical mossy large sandstone bricks slab
      category: Block
      type: ITEM_BLOCK_FOUR_DIRECTIONS
    repeater_delay3_w:
      blockMaterial: DIODE_BLOCK_OFF
      dataValue: 9
      itemMaterial: DIAMOND_LEGGINGS
      damage: 191
      display: Mossy small sandstone bricks slab (lower)
      category: Block
      type: BLOCK
    upper_slab_double_slab_red_sandstone_seamless:
      blockMaterial: STEP
      blockDataValue: 14
      contentItem: DIAMOND_CHESTPLATE
      contentDamage: 60
      contentHeight: 0.3125
      itemMaterial: DIAMOND_CHESTPLATE
      damage: 60
      display: ITEMBLOCK Mossy small sandstone bricks slab (upper)
      category: Block
      type: ITEM_BLOCK
    vertical_slab_double_slab_red_sandstone_seamless:
      blockMaterial: ACACIA_FENCE_GATE
      dataValueNorth: 8
      dataValueWest: 9
      dataValueSouth: 8
      dataValueEast: 9
      contentItem: DIAMOND_CHESTPLATE
      contentDamage: 61
      contentHeight: 0.3125
      itemMaterial: DIAMOND_CHESTPLATE
      damage: 61
      display: ITEMBLOCK Vertical mossy small sandstone bricks slab
      category: Block
      type: ITEM_BLOCK_FOUR_DIRECTIONS
    repeater_delay3_n:
      blockMaterial: DIODE_BLOCK_OFF
      dataValue: 10
      itemMaterial: DIAMOND_LEGGINGS
      damage: 192
      display: Smooth sandstone slab (lower)
      category: Block
      type: BLOCK
    upper_slab_sandstone_smooth:
      blockMaterial: STEP
      blockDataValue: 14
      contentItem: DIAMOND_CHESTPLATE
      contentDamage: 63
      contentHeight: 0.3125
      itemMaterial: DIAMOND_CHESTPLATE
      damage: 63
      display: ITEMBLOCK Smooth sandstone slab (upper)
      category: Block
      type: ITEM_BLOCK
    vertical_slab_sandstone_smooth:
      blockMaterial: ACACIA_FENCE_GATE
      dataValueNorth: 8
      dataValueWest: 9
      dataValueSouth: 8
      dataValueEast: 9
      contentItem: DIAMOND_CHESTPLATE
      contentDamage: 64
      contentHeight: 0.3125
      itemMaterial: DIAMOND_CHESTPLATE
      damage: 64
      display: ITEMBLOCK Vertical smooth sandstone slab
      category: Block
      type: ITEM_BLOCK_FOUR_DIRECTIONS
    repeater_delay3_e:
      blockMaterial: DIODE_BLOCK_OFF
      dataValue: 11
      itemMaterial: DIAMOND_LEGGINGS
      damage: 193
      display: Red sandstone bricks slab (lower)
      category: Block
      type: BLOCK
    upper_slab_double_slab_nether_brick:
      blockMaterial: STEP
      blockDataValue: 14
      contentItem: DIAMOND_CHESTPLATE
      contentDamage: 66
      contentHeight: 0.3125
      itemMaterial: DIAMOND_CHESTPLATE
      damage: 66
      display: ITEMBLOCK Red sandstone bricks slab (upper)
      category: Block
      type: ITEM_BLOCK
    vertical_slab_double_slab_nether_brick:
      blockMaterial: ACACIA_FENCE_GATE
      dataValueNorth: 8
      dataValueWest: 9
      dataValueSouth: 8
      dataValueEast: 9
      contentItem: DIAMOND_CHESTPLATE
      contentDamage: 67
      contentHeight: 0.3125
      itemMaterial: DIAMOND_CHESTPLATE
      damage: 67
      display: ITEMBLOCK Vertical red sandstone bricks slab
      category: Block
      type: ITEM_BLOCK_FOUR_DIRECTIONS
    repeater_delay4_s:
      blockMaterial: DIODE_BLOCK_OFF
      dataValue: 12
      itemMaterial: DIAMOND_LEGGINGS
      damage: 194
      display: Brown bricks slab (lower)
      category: Block
      type: BLOCK
    upper_slab_double_slab_nether_brick_seamless:
      blockMaterial: STEP
      blockDataValue: 14
      contentItem: DIAMOND_CHESTPLATE
      contentDamage: 69
      contentHeight: 0.3125
      itemMaterial: DIAMOND_CHESTPLATE
      damage: 69
      display: ITEMBLOCK Brown bricks slab (upper)
      category: Block
      type: ITEM_BLOCK
    acacia_fence_gate_powered_ne:
      blockMaterial: ACACIA_FENCE_GATE
      dataValueNorth: 10
      dataValueWest: 15
      dataValueSouth: 14
      dataValueEast: 11
      itemMaterial: DIAMOND_LEGGINGS
      damage: 321
      display: Vertical brown bricks slab [187:10]
      category: Block
      type: FOUR_DIRECTIONS
    repeater_delay4_w:
      blockMaterial: DIODE_BLOCK_OFF
      dataValue: 13
      itemMaterial: DIAMOND_LEGGINGS
      damage: 195
      display: Mossy brown bricks slab (lower)
      category: Block
      type: BLOCK
    upper_slab_brown_mushroom_block_s:
      blockMaterial: STEP
      blockDataValue: 14
      contentItem: DIAMOND_CHESTPLATE
      contentDamage: 112
      contentHeight: 0.3125
      itemMaterial: DIAMOND_CHESTPLATE
      damage: 112
      display: ITEMBLOCK Mossy brown bricks slab (upper)
      category: Block
      type: ITEM_BLOCK
    vertical_slab_brown_mushroom_block_s:
      blockMaterial: ACACIA_FENCE_GATE
      dataValueNorth: 8
      dataValueWest: 9
      dataValueSouth: 8
      dataValueEast: 9
      contentItem: DIAMOND_CHESTPLATE
      contentDamage: 113
      contentHeight: 0.3125
      itemMaterial: DIAMOND_CHESTPLATE
      damage: 113
      display: ITEMBLOCK Vertical mossy brown bricks slab
      category: Block
      type: ITEM_BLOCK_FOUR_DIRECTIONS